{
  "name": "firebase-rules-describe",
  "version": "1.0.0",
  "lockfileVersion": 1,
  "requires": true,
  "dependencies": {
    "@types/commander": {
      "version": "2.9.1",
      "resolved": "https://registry.npmjs.org/@types/commander/-/commander-2.9.1.tgz",
      "integrity": "sha512-P4s1aEJYjHB1pmS5th4WXQ/NEYykK1FmCFJL+NIrDCptWs2DIS/SsVjmaubvcWZ17VzlG+CwiAv52ghkfkepWA==",
      "dev": true,
      "requires": {
        "@types/node": "8.0.20"
      }
    },
    "@types/node": {
      "version": "8.0.20",
      "resolved": "https://registry.npmjs.org/@types/node/-/node-8.0.20.tgz",
      "integrity": "sha512-MnB7YEpmLUyEWRVRhKpRs4swwqITnY8BcVFPoTuCl99SCplI/lLUiU5vcJ/OANDqwkpdIg0pDEM38K22KQT2RA==",
      "dev": true
    },
    "@types/strip-json-comments": {
      "version": "0.0.28",
      "resolved": "https://registry.npmjs.org/@types/strip-json-comments/-/strip-json-comments-0.0.28.tgz",
      "integrity": "sha1-pEXYXWNhaXApTQeTJ1lwdPnKdwA=",
      "dev": true
    },
    "commander": {
      "version": "2.11.0",
      "resolved": "https://registry.npmjs.org/commander/-/commander-2.11.0.tgz",
      "integrity": "sha512-b0553uYA5YAEGgyYIGYROzKQ7X5RAqedkfjiZxwi0kL1g3bOaBNNZfYkzt/CL0umgD5wc9Jec2FbB98CjkMRvQ=="
    },
    "strip-json-comments": {
      "version": "2.0.1",
      "resolved": "https://registry.npmjs.org/strip-json-comments/-/strip-json-comments-2.0.1.tgz",
      "integrity": "sha1-PFMZQukIwml8DsNEhYwobHygpgo="
    }
  }
}
